
Microsoft Visual Studio Solution File, Format Version 12.00
# Visual Studio Version 16
VisualStudioVersion = 16.0.30011.22
MinimumVisualStudioVersion = 10.0.40219.1
Project("{FAE04EC0-301F-11D3-BF4B-00C04F79EFBC}") = "ThrowBoulder", "ThrowBoulder.csproj", "{548C27CD-A727-49BE-9194-3477B39D7FF3}"
EndProject
Global
	GlobalSection(SolutionConfigurationPlatforms) = preSolution
		Debug|Any CPU = Debug|Any CPU
		Release|Any CPU = Release|Any CPU
	EndGlobalSection
	GlobalSection(ProjectConfigurationPlatforms) = postSolution
		{548C27CD-A727-49BE-9194-3477B39D7FF3}.Debug|Any CPU.ActiveCfg = Debug|Any CPU
		{548C27CD-A727-49BE-9194-3477B39D7FF3}.Debug|Any CPU.Build.0 = Debug|Any CPU
		{548C27CD-A727-49BE-9194-3477B39D7FF3}.Release|Any CPU.ActiveCfg = Release|Any CPU
		{548C27CD-A727-49BE-9194-3477B39D7FF3}.Release|Any CPU.Build.0 = Release|Any CPU
	EndGlobalSection
	GlobalSection(SolutionProperties) = preSolution
		HideSolutionNode = FALSE
	EndGlobalSection
	GlobalSection(ExtensibilityGlobals) = postSolution
		SolutionGuid = {00BA22AE-BEC2-4240-970D-BA9602134655}
	EndGlobalSection
EndGlobal
